
Microsoft Visual Studio Solution File, Format Version 12.00
# Visual Studio 14
VisualStudioVersion = 14.0.25420.1
MinimumVisualStudioVersion = 10.0.40219.1
Project("{8BC9CEB8-8B4A-11D0-8D11-00A0C91BC942}") = "blabla", "projects\blabla\blabla.vcxproj", "{6B62188E-E313-4DDC-8732-169C90E293D8}"
EndProject
Project("{8BC9CEB8-8B4A-11D0-8D11-00A0C91BC942}") = "config", "projects\config\config.vcxproj", "{53259752-324A-493E-AE88-296C9550EAEF}"
EndProject
Project("{8BC9CEB8-8B4A-11D0-8D11-00A0C91BC942}") = "nono", "projects\nono\nono.vcxproj", "{F69ABC51-3041-4566-8502-7330D1D5427B}"
EndProject
Project("{8BC9CEB8-8B4A-11D0-8D11-00A0C91BC942}") = "sandbox", "sandbox\sandbox.vcxproj", "{3E2ABF52-8A0F-433D-A7DE-B9F77FCB33B6}"
EndProject
Project("{8BC9CEB8-8B4A-11D0-8D11-00A0C91BC942}") = "tail", "projects\tail\tail.vcxproj", "{8FDC7C2A-2A0F-4DD0-BBBE-871D79639CFD}"
EndProject
Global
	GlobalSection(SolutionConfigurationPlatforms) = preSolution
		Debug|x64 = Debug|x64
		Debug|x86 = Debug|x86
		Release|x64 = Release|x64
		Release|x86 = Release|x86
	EndGlobalSection
	GlobalSection(ProjectConfigurationPlatforms) = postSolution
		{6B62188E-E313-4DDC-8732-169C90E293D8}.Debug|x64.ActiveCfg = Debug|x64
		{6B62188E-E313-4DDC-8732-169C90E293D8}.Debug|x64.Build.0 = Debug|x64
		{6B62188E-E313-4DDC-8732-169C90E293D8}.Debug|x86.ActiveCfg = Debug|Win32
		{6B62188E-E313-4DDC-8732-169C90E293D8}.Debug|x86.Build.0 = Debug|Win32
		{6B62188E-E313-4DDC-8732-169C90E293D8}.Release|x64.ActiveCfg = Release|x64
		{6B62188E-E313-4DDC-8732-169C90E293D8}.Release|x64.Build.0 = Release|x64
		{6B62188E-E313-4DDC-8732-169C90E293D8}.Release|x86.ActiveCfg = Release|Win32
		{6B62188E-E313-4DDC-8732-169C90E293D8}.Release|x86.Build.0 = Release|Win32
		{53259752-324A-493E-AE88-296C9550EAEF}.Debug|x64.ActiveCfg = Debug|x64
		{53259752-324A-493E-AE88-296C9550EAEF}.Debug|x64.Build.0 = Debug|x64
		{53259752-324A-493E-AE88-296C9550EAEF}.Debug|x86.ActiveCfg = Debug|Win32
		{53259752-324A-493E-AE88-296C9550EAEF}.Debug|x86.Build.0 = Debug|Win32
		{53259752-324A-493E-AE88-296C9550EAEF}.Release|x64.ActiveCfg = Release|x64
		{53259752-324A-493E-AE88-296C9550EAEF}.Release|x64.Build.0 = Release|x64
		{53259752-324A-493E-AE88-296C9550EAEF}.Release|x86.ActiveCfg = Release|Win32
		{53259752-324A-493E-AE88-296C9550EAEF}.Release|x86.Build.0 = Release|Win32
		{F69ABC51-3041-4566-8502-7330D1D5427B}.Debug|x64.ActiveCfg = Debug|x64
		{F69ABC51-3041-4566-8502-7330D1D5427B}.Debug|x64.Build.0 = Debug|x64
		{F69ABC51-3041-4566-8502-7330D1D5427B}.Debug|x86.ActiveCfg = Debug|Win32
		{F69ABC51-3041-4566-8502-7330D1D5427B}.Debug|x86.Build.0 = Debug|Win32
		{F69ABC51-3041-4566-8502-7330D1D5427B}.Release|x64.ActiveCfg = Release|x64
		{F69ABC51-3041-4566-8502-7330D1D5427B}.Release|x64.Build.0 = Release|x64
		{F69ABC51-3041-4566-8502-7330D1D5427B}.Release|x86.ActiveCfg = Release|Win32
		{F69ABC51-3041-4566-8502-7330D1D5427B}.Release|x86.Build.0 = Release|Win32
		{3E2ABF52-8A0F-433D-A7DE-B9F77FCB33B6}.Debug|x64.ActiveCfg = Debug|x64
		{3E2ABF52-8A0F-433D-A7DE-B9F77FCB33B6}.Debug|x64.Build.0 = Debug|x64
		{3E2ABF52-8A0F-433D-A7DE-B9F77FCB33B6}.Debug|x86.ActiveCfg = Debug|Win32
		{3E2ABF52-8A0F-433D-A7DE-B9F77FCB33B6}.Debug|x86.Build.0 = Debug|Win32
		{3E2ABF52-8A0F-433D-A7DE-B9F77FCB33B6}.Release|x64.ActiveCfg = Release|x64
		{3E2ABF52-8A0F-433D-A7DE-B9F77FCB33B6}.Release|x64.Build.0 = Release|x64
		{3E2ABF52-8A0F-433D-A7DE-B9F77FCB33B6}.Release|x86.ActiveCfg = Release|Win32
		{3E2ABF52-8A0F-433D-A7DE-B9F77FCB33B6}.Release|x86.Build.0 = Release|Win32
		{8FDC7C2A-2A0F-4DD0-BBBE-871D79639CFD}.Debug|x64.ActiveCfg = Debug|x64
		{8FDC7C2A-2A0F-4DD0-BBBE-871D79639CFD}.Debug|x64.Build.0 = Debug|x64
		{8FDC7C2A-2A0F-4DD0-BBBE-871D79639CFD}.Debug|x86.ActiveCfg = Debug|Win32
		{8FDC7C2A-2A0F-4DD0-BBBE-871D79639CFD}.Debug|x86.Build.0 = Debug|Win32
		{8FDC7C2A-2A0F-4DD0-BBBE-871D79639CFD}.Release|x64.ActiveCfg = Release|x64
		{8FDC7C2A-2A0F-4DD0-BBBE-871D79639CFD}.Release|x64.Build.0 = Release|x64
		{8FDC7C2A-2A0F-4DD0-BBBE-871D79639CFD}.Release|x86.ActiveCfg = Release|Win32
		{8FDC7C2A-2A0F-4DD0-BBBE-871D79639CFD}.Release|x86.Build.0 = Release|Win32
	EndGlobalSection
	GlobalSection(SolutionProperties) = preSolution
		HideSolutionNode = FALSE
	EndGlobalSection
EndGlobal
