
Microsoft Visual Studio Solution File, Format Version 12.00
# Visual Studio 15
VisualStudioVersion = 15.0.26430.15
MinimumVisualStudioVersion = 10.0.40219.1
Project("{8BC9CEB8-8B4A-11D0-8D11-00A0C91BC942}") = "blabla", "projects\blabla\blabla.vcxproj", "{6B62188E-E313-4DDC-8732-169C90E293D8}"
EndProject
Project("{8BC9CEB8-8B4A-11D0-8D11-00A0C91BC942}") = "config", "projects\config\src.vcxproj", "{53259752-324A-493E-AE88-296C9550EAEF}"
EndProject
Project("{8BC9CEB8-8B4A-11D0-8D11-00A0C91BC942}") = "parser", "projects\nyaason\parser.vcxproj", "{58B6682B-8578-4DC5-871A-2D4211E70C07}"
EndProject
Project("{2150E333-8FDC-42A3-9474-1A3956D46DE8}") = "nyaason", "nyaason", "{19CF238A-A3C0-4641-A4B1-C357CDA818A2}"
EndProject
Project("{2150E333-8FDC-42A3-9474-1A3956D46DE8}") = "blabla", "blabla", "{97B4A1BF-3FDD-49D9-8698-0D205CEB1E02}"
EndProject
Project("{2150E333-8FDC-42A3-9474-1A3956D46DE8}") = "config", "config", "{F2197D5C-6271-4B2E-81DA-09E7254BDA16}"
EndProject
Project("{8BC9CEB8-8B4A-11D0-8D11-00A0C91BC942}") = "containers", "projects\tail\containers.vcxproj", "{8FDC7C2A-2A0F-4DD0-BBBE-871D79639CFD}"
EndProject
Project("{2150E333-8FDC-42A3-9474-1A3956D46DE8}") = "tail", "tail", "{2CEE5E07-8DBD-47B2-AAFE-FCA79587B8D3}"
EndProject
Global
	GlobalSection(SolutionConfigurationPlatforms) = preSolution
		Debug|x64 = Debug|x64
		Debug|x86 = Debug|x86
		Release|x64 = Release|x64
		Release|x86 = Release|x86
	EndGlobalSection
	GlobalSection(ProjectConfigurationPlatforms) = postSolution
		{6B62188E-E313-4DDC-8732-169C90E293D8}.Debug|x64.ActiveCfg = Debug|x64
		{6B62188E-E313-4DDC-8732-169C90E293D8}.Debug|x64.Build.0 = Debug|x64
		{6B62188E-E313-4DDC-8732-169C90E293D8}.Debug|x86.ActiveCfg = Debug|Win32
		{6B62188E-E313-4DDC-8732-169C90E293D8}.Debug|x86.Build.0 = Debug|Win32
		{6B62188E-E313-4DDC-8732-169C90E293D8}.Release|x64.ActiveCfg = Release|x64
		{6B62188E-E313-4DDC-8732-169C90E293D8}.Release|x64.Build.0 = Release|x64
		{6B62188E-E313-4DDC-8732-169C90E293D8}.Release|x86.ActiveCfg = Release|Win32
		{6B62188E-E313-4DDC-8732-169C90E293D8}.Release|x86.Build.0 = Release|Win32
		{53259752-324A-493E-AE88-296C9550EAEF}.Debug|x64.ActiveCfg = Debug|x64
		{53259752-324A-493E-AE88-296C9550EAEF}.Debug|x64.Build.0 = Debug|x64
		{53259752-324A-493E-AE88-296C9550EAEF}.Debug|x86.ActiveCfg = Debug|Win32
		{53259752-324A-493E-AE88-296C9550EAEF}.Debug|x86.Build.0 = Debug|Win32
		{53259752-324A-493E-AE88-296C9550EAEF}.Release|x64.ActiveCfg = Release|x64
		{53259752-324A-493E-AE88-296C9550EAEF}.Release|x64.Build.0 = Release|x64
		{53259752-324A-493E-AE88-296C9550EAEF}.Release|x86.ActiveCfg = Release|Win32
		{53259752-324A-493E-AE88-296C9550EAEF}.Release|x86.Build.0 = Release|Win32
		{58B6682B-8578-4DC5-871A-2D4211E70C07}.Debug|x64.ActiveCfg = Debug|x64
		{58B6682B-8578-4DC5-871A-2D4211E70C07}.Debug|x64.Build.0 = Debug|x64
		{58B6682B-8578-4DC5-871A-2D4211E70C07}.Debug|x86.ActiveCfg = Debug|Win32
		{58B6682B-8578-4DC5-871A-2D4211E70C07}.Debug|x86.Build.0 = Debug|Win32
		{58B6682B-8578-4DC5-871A-2D4211E70C07}.Release|x64.ActiveCfg = Release|x64
		{58B6682B-8578-4DC5-871A-2D4211E70C07}.Release|x64.Build.0 = Release|x64
		{58B6682B-8578-4DC5-871A-2D4211E70C07}.Release|x86.ActiveCfg = Release|Win32
		{58B6682B-8578-4DC5-871A-2D4211E70C07}.Release|x86.Build.0 = Release|Win32
		{8FDC7C2A-2A0F-4DD0-BBBE-871D79639CFD}.Debug|x64.ActiveCfg = Debug|x64
		{8FDC7C2A-2A0F-4DD0-BBBE-871D79639CFD}.Debug|x64.Build.0 = Debug|x64
		{8FDC7C2A-2A0F-4DD0-BBBE-871D79639CFD}.Debug|x86.ActiveCfg = Debug|Win32
		{8FDC7C2A-2A0F-4DD0-BBBE-871D79639CFD}.Debug|x86.Build.0 = Debug|Win32
		{8FDC7C2A-2A0F-4DD0-BBBE-871D79639CFD}.Release|x64.ActiveCfg = Release|x64
		{8FDC7C2A-2A0F-4DD0-BBBE-871D79639CFD}.Release|x64.Build.0 = Release|x64
		{8FDC7C2A-2A0F-4DD0-BBBE-871D79639CFD}.Release|x86.ActiveCfg = Release|Win32
		{8FDC7C2A-2A0F-4DD0-BBBE-871D79639CFD}.Release|x86.Build.0 = Release|Win32
	EndGlobalSection
	GlobalSection(SolutionProperties) = preSolution
		HideSolutionNode = FALSE
	EndGlobalSection
	GlobalSection(NestedProjects) = preSolution
		{6B62188E-E313-4DDC-8732-169C90E293D8} = {97B4A1BF-3FDD-49D9-8698-0D205CEB1E02}
		{53259752-324A-493E-AE88-296C9550EAEF} = {F2197D5C-6271-4B2E-81DA-09E7254BDA16}
		{58B6682B-8578-4DC5-871A-2D4211E70C07} = {19CF238A-A3C0-4641-A4B1-C357CDA818A2}
		{8FDC7C2A-2A0F-4DD0-BBBE-871D79639CFD} = {2CEE5E07-8DBD-47B2-AAFE-FCA79587B8D3}
	EndGlobalSection
EndGlobal
