<?xml version="1.0" encoding="utf-8"?>
<Project ToolsVersion="4.0" xmlns="http://schemas.microsoft.com/developer/msbuild/2003">
  <ItemGroup>
    <Filter Include="Source Files">
      <UniqueIdentifier>{4FC737F1-C7A5-4376-A066-2A32D752A2FF}</UniqueIdentifier>
      <Extensions>cpp;c;cc;cxx;def;odl;idl;hpj;bat;asm;asmx</Extensions>
    </Filter>
    <Filter Include="Common Headers">
      <UniqueIdentifier>{7f06d5a9-72ce-427d-b799-7cca7c7f897e}</UniqueIdentifier>
    </Filter>
  </ItemGroup>
  <ItemGroup>
    <ClCompile Include="tests\read_test.cpp">
      <Filter>Source Files</Filter>
    </ClCompile>
  </ItemGroup>
  <ItemGroup>
    <ClInclude Include="..\include\ecosnail\config\categories.hpp">
      <Filter>Common Headers</Filter>
    </ClInclude>
    <ClInclude Include="..\include\ecosnail\config.hpp">
      <Filter>Common Headers</Filter>
    </ClInclude>
    <ClInclude Include="..\include\ecosnail\config\errors.hpp">
      <Filter>Common Headers</Filter>
    </ClInclude>
    <ClInclude Include="..\include\ecosnail\config\macros.hpp">
      <Filter>Common Headers</Filter>
    </ClInclude>
    <ClInclude Include="..\include\ecosnail\config\readers.hpp">
      <Filter>Common Headers</Filter>
    </ClInclude>
    <ClInclude Include="..\include\ecosnail\config\structures.hpp">
      <Filter>Common Headers</Filter>
    </ClInclude>
    <ClInclude Include="..\include\ecosnail\config\traits.hpp">
      <Filter>Common Headers</Filter>
    </ClInclude>
    <ClInclude Include="..\include\ecosnail\config\writers.hpp">
      <Filter>Common Headers</Filter>
    </ClInclude>
    <ClInclude Include="cfg\tokens.hpp">
      <Filter>Source Files</Filter>
    </ClInclude>
    <ClInclude Include="..\include\ecosnail\config\tokens.hpp" />
  </ItemGroup>
</Project>